// !$*UTF8*$!
{
	archiveVersion = 1;
	classes = {
	};
	objectVersion = 46;
	objects = {

/* Begin PBXBuildFile section */
		332288811DD282D5001042CE /* BaseContract.swift in Sources */ = {isa = PBXBuildFile; fileRef = 332288801DD282D5001042CE /* BaseContract.swift */; };
		3322888F1DD283CF001042CE /* BaseViewController.swift in Sources */ = {isa = PBXBuildFile; fileRef = 3322888E1DD283CF001042CE /* BaseViewController.swift */; };
		3328AE5F1DF9DB1D0067C544 /* NibLoadableView.swift in Sources */ = {isa = PBXBuildFile; fileRef = 3328AE5E1DF9DB1D0067C544 /* NibLoadableView.swift */; };
		3328AE651DF9ED590067C544 /* ReusableView.swift in Sources */ = {isa = PBXBuildFile; fileRef = 3328AE641DF9ED590067C544 /* ReusableView.swift */; };
		332F1C871DD33A790080B38D /* AppDelegate.swift in Sources */ = {isa = PBXBuildFile; fileRef = 332F1C841DD33A790080B38D /* AppDelegate.swift */; };
		332F1C891DD33A790080B38D /* RootRouter.swift in Sources */ = {isa = PBXBuildFile; fileRef = 332F1C861DD33A790080B38D /* RootRouter.swift */; };
		337EB0761DD39BCB00733F9C /* SanFranciscoText-Light.otf in Resources */ = {isa = PBXBuildFile; fileRef = 337EB0731DD39BCB00733F9C /* SanFranciscoText-Light.otf */; };
		337EB0771DD39BCB00733F9C /* SanFranciscoText-Medium.otf in Resources */ = {isa = PBXBuildFile; fileRef = 337EB0741DD39BCB00733F9C /* SanFranciscoText-Medium.otf */; };
		337EB0781DD39BCB00733F9C /* SanFranciscoText-Regular.otf in Resources */ = {isa = PBXBuildFile; fileRef = 337EB0751DD39BCB00733F9C /* SanFranciscoText-Regular.otf */; };
		33B53F251DD0ECD500462C66 /* BuildFile in Resources */ = {isa = PBXBuildFile; };
		33BE59961E36CCB4000661F6 /* UserProfile.swift in Sources */ = {isa = PBXBuildFile; fileRef = 33BE59951E36CCB4000661F6 /* UserProfile.swift */; };
		33BE59981E36CD07000661F6 /* ResponseErrors.swift in Sources */ = {isa = PBXBuildFile; fileRef = 33BE59971E36CD07000661F6 /* ResponseErrors.swift */; };
		33CAF4D41DD75AF600465298 /* Localizable.strings in Resources */ = {isa = PBXBuildFile; fileRef = 33CAF4D61DD75AF600465298 /* Localizable.strings */; };
		33CAF4D91DD75BDD00465298 /* LaunchScreen.storyboard in Resources */ = {isa = PBXBuildFile; fileRef = 33CAF4D81DD75BDD00465298 /* LaunchScreen.storyboard */; };
		33D965911E946693001EDF07 /* Assets.xcassets in Resources */ = {isa = PBXBuildFile; fileRef = 33D965901E946693001EDF07 /* Assets.xcassets */; };
		3CDD38D2523DC3CFAE1DEEE7 /* Pods_Boilerplate.framework in Frameworks */ = {isa = PBXBuildFile; fileRef = 0FC14883EEB97F91D4E3FD81 /* Pods_Boilerplate.framework */; };
		715787CD2016169C00DE5355 /* TabBarContract.swift in Sources */ = {isa = PBXBuildFile; fileRef = 715787CC2016169C00DE5355 /* TabBarContract.swift */; };
		715787CF201616AC00DE5355 /* TabBarRouter.swift in Sources */ = {isa = PBXBuildFile; fileRef = 715787CE201616AC00DE5355 /* TabBarRouter.swift */; };
		715787D1201616C500DE5355 /* TabBarPresenter.swift in Sources */ = {isa = PBXBuildFile; fileRef = 715787D0201616C500DE5355 /* TabBarPresenter.swift */; };
		715787D3201616D100DE5355 /* TabBarInteractor.swift in Sources */ = {isa = PBXBuildFile; fileRef = 715787D2201616D100DE5355 /* TabBarInteractor.swift */; };
		715787D5201616E000DE5355 /* TabBarController.swift in Sources */ = {isa = PBXBuildFile; fileRef = 715787D4201616E000DE5355 /* TabBarController.swift */; };
		715787D72016485E00DE5355 /* TabBar.storyboard in Resources */ = {isa = PBXBuildFile; fileRef = 715787D62016485E00DE5355 /* TabBar.storyboard */; };
		71687C03201119B300269A02 /* CoinDetailViewController.swift in Sources */ = {isa = PBXBuildFile; fileRef = 71687C02201119B300269A02 /* CoinDetailViewController.swift */; };
		71687C05201119C300269A02 /* CoinDetailRouter.swift in Sources */ = {isa = PBXBuildFile; fileRef = 71687C04201119C300269A02 /* CoinDetailRouter.swift */; };
		71687C07201119D000269A02 /* CoinDetailContract.swift in Sources */ = {isa = PBXBuildFile; fileRef = 71687C06201119D000269A02 /* CoinDetailContract.swift */; };
		71687C09201119DD00269A02 /* CoinDetailPresenter.swift in Sources */ = {isa = PBXBuildFile; fileRef = 71687C08201119DD00269A02 /* CoinDetailPresenter.swift */; };
		71687C0B201119EE00269A02 /* CoinDetailInteractor.swift in Sources */ = {isa = PBXBuildFile; fileRef = 71687C0A201119EE00269A02 /* CoinDetailInteractor.swift */; };
		71BE32A5201788BC0009B26D /* NewsDetailViewController.swift in Sources */ = {isa = PBXBuildFile; fileRef = 71BE32A4201788BC0009B26D /* NewsDetailViewController.swift */; };
		71BE32A7201788CE0009B26D /* NewsDetailPresenter.swift in Sources */ = {isa = PBXBuildFile; fileRef = 71BE32A6201788CE0009B26D /* NewsDetailPresenter.swift */; };
		71BE32A9201788E40009B26D /* NewsDetailInteractor.swift in Sources */ = {isa = PBXBuildFile; fileRef = 71BE32A8201788E40009B26D /* NewsDetailInteractor.swift */; };
		71BE32AB201788ED0009B26D /* NewsDetailRouter.swift in Sources */ = {isa = PBXBuildFile; fileRef = 71BE32AA201788ED0009B26D /* NewsDetailRouter.swift */; };
		71BE32AD201788FB0009B26D /* NewsDetailContract.swift in Sources */ = {isa = PBXBuildFile; fileRef = 71BE32AC201788FB0009B26D /* NewsDetailContract.swift */; };
		71BE32AF2017B24E0009B26D /* GoogleService-Info.plist in Resources */ = {isa = PBXBuildFile; fileRef = 71BE32AE2017B24E0009B26D /* GoogleService-Info.plist */; };
		71DF8D9020127C47004E634F /* CoinDetail.storyboard in Resources */ = {isa = PBXBuildFile; fileRef = 71DF8D8F20127C47004E634F /* CoinDetail.storyboard */; };
		71DF8D9420129B83004E634F /* CoinDetailCell.swift in Sources */ = {isa = PBXBuildFile; fileRef = 71DF8D9320129B83004E634F /* CoinDetailCell.swift */; };
		71E370CE20165D4A002859BF /* NewsList.storyboard in Resources */ = {isa = PBXBuildFile; fileRef = 71E370CD20165D4A002859BF /* NewsList.storyboard */; };
		71E370D020167113002859BF /* CryptoNews.swift in Sources */ = {isa = PBXBuildFile; fileRef = 71E370CF20167113002859BF /* CryptoNews.swift */; };
		71E370D2201671D5002859BF /* Articles.swift in Sources */ = {isa = PBXBuildFile; fileRef = 71E370D1201671D5002859BF /* Articles.swift */; };
		71E370D4201672A1002859BF /* Source.swift in Sources */ = {isa = PBXBuildFile; fileRef = 71E370D3201672A1002859BF /* Source.swift */; };
		71E370D820167711002859BF /* NewsListViewController.swift in Sources */ = {isa = PBXBuildFile; fileRef = 71E370D720167711002859BF /* NewsListViewController.swift */; };
		71E370DA2016778C002859BF /* NewsListPresenter.swift in Sources */ = {isa = PBXBuildFile; fileRef = 71E370D92016778C002859BF /* NewsListPresenter.swift */; };
		71E370DC20167799002859BF /* NewsListInteractor.swift in Sources */ = {isa = PBXBuildFile; fileRef = 71E370DB20167799002859BF /* NewsListInteractor.swift */; };
		71E370DE201677A3002859BF /* NewsListRouter.swift in Sources */ = {isa = PBXBuildFile; fileRef = 71E370DD201677A3002859BF /* NewsListRouter.swift */; };
		71E370E0201677AF002859BF /* NewsListContract.swift in Sources */ = {isa = PBXBuildFile; fileRef = 71E370DF201677AF002859BF /* NewsListContract.swift */; };
		71E370E2201677EB002859BF /* NewsTableCell.swift in Sources */ = {isa = PBXBuildFile; fileRef = 71E370E1201677EB002859BF /* NewsTableCell.swift */; };
		71E370E420168013002859BF /* NewsApiDataManager.swift in Sources */ = {isa = PBXBuildFile; fileRef = 71E370E320168013002859BF /* NewsApiDataManager.swift */; };
		71E370E62016D189002859BF /* MainSearch.storyboard in Resources */ = {isa = PBXBuildFile; fileRef = 71E370E52016D189002859BF /* MainSearch.storyboard */; };
		71FC6037200AC69C00D49016 /* MainCoinsViewController.swift in Sources */ = {isa = PBXBuildFile; fileRef = 71FC6035200AC69C00D49016 /* MainCoinsViewController.swift */; };
		71FC6038200AC69C00D49016 /* mTableViewCell.swift in Sources */ = {isa = PBXBuildFile; fileRef = 71FC6036200AC69C00D49016 /* mTableViewCell.swift */; };
		71FC606B200AC76600D49016 /* MainSearchContract.swift in Sources */ = {isa = PBXBuildFile; fileRef = 71FC605A200AC76600D49016 /* MainSearchContract.swift */; };
		71FC606C200AC76600D49016 /* MainSearchPresenter.swift in Sources */ = {isa = PBXBuildFile; fileRef = 71FC605C200AC76600D49016 /* MainSearchPresenter.swift */; };
		71FC606F200AC76600D49016 /* MainSearchInteractor.swift in Sources */ = {isa = PBXBuildFile; fileRef = 71FC6061200AC76600D49016 /* MainSearchInteractor.swift */; };
		71FC6070200AC76600D49016 /* MainSearchRouter.swift in Sources */ = {isa = PBXBuildFile; fileRef = 71FC6063200AC76600D49016 /* MainSearchRouter.swift */; };
		71FC6077200AC82000D49016 /* Coin.swift in Sources */ = {isa = PBXBuildFile; fileRef = 71FC6075200AC82000D49016 /* Coin.swift */; };
		71FC6078200AC82000D49016 /* CoinAttributes.swift in Sources */ = {isa = PBXBuildFile; fileRef = 71FC6076200AC82000D49016 /* CoinAttributes.swift */; };
		71FC607A200AC84100D49016 /* CoinApiDataManager.swift in Sources */ = {isa = PBXBuildFile; fileRef = 71FC6079200AC84100D49016 /* CoinApiDataManager.swift */; };
		E1164E1E1EF35D0400B9B565 /* DataResponse.swift in Sources */ = {isa = PBXBuildFile; fileRef = E1164E0E1EF35D0400B9B565 /* DataResponse.swift */; };
		E1164E1F1EF35D0400B9B565 /* Double.swift in Sources */ = {isa = PBXBuildFile; fileRef = E1164E0F1EF35D0400B9B565 /* Double.swift */; };
		E1164E201EF35D0400B9B565 /* Results.swift in Sources */ = {isa = PBXBuildFile; fileRef = E1164E101EF35D0400B9B565 /* Results.swift */; };
		E1164E211EF35D0400B9B565 /* String.swift in Sources */ = {isa = PBXBuildFile; fileRef = E1164E111EF35D0400B9B565 /* String.swift */; };
		E1164E221EF35D0400B9B565 /* UIAlertController.swift in Sources */ = {isa = PBXBuildFile; fileRef = E1164E121EF35D0400B9B565 /* UIAlertController.swift */; };
		E1164E231EF35D0400B9B565 /* UICollectionView.swift in Sources */ = {isa = PBXBuildFile; fileRef = E1164E131EF35D0400B9B565 /* UICollectionView.swift */; };
		E1164E241EF35D0400B9B565 /* UICollectionViewCell.swift in Sources */ = {isa = PBXBuildFile; fileRef = E1164E141EF35D0400B9B565 /* UICollectionViewCell.swift */; };
		E1164E251EF35D0400B9B565 /* UIColor+Pallet.swift in Sources */ = {isa = PBXBuildFile; fileRef = E1164E151EF35D0400B9B565 /* UIColor+Pallet.swift */; };
		E1164E261EF35D0400B9B565 /* UIFont+Utils.swift in Sources */ = {isa = PBXBuildFile; fileRef = E1164E161EF35D0400B9B565 /* UIFont+Utils.swift */; };
		E1164E271EF35D0400B9B565 /* UIImage+Icons.swift in Sources */ = {isa = PBXBuildFile; fileRef = E1164E171EF35D0400B9B565 /* UIImage+Icons.swift */; };
		E1164E281EF35D0400B9B565 /* UIStoryboard.swift in Sources */ = {isa = PBXBuildFile; fileRef = E1164E181EF35D0400B9B565 /* UIStoryboard.swift */; };
		E1164E291EF35D0400B9B565 /* UITableView.swift in Sources */ = {isa = PBXBuildFile; fileRef = E1164E191EF35D0400B9B565 /* UITableView.swift */; };
		E1164E2A1EF35D0400B9B565 /* UITableViewCell.swift in Sources */ = {isa = PBXBuildFile; fileRef = E1164E1A1EF35D0400B9B565 /* UITableViewCell.swift */; };
		E1164E2B1EF35D0400B9B565 /* UITextField+Border.swift in Sources */ = {isa = PBXBuildFile; fileRef = E1164E1B1EF35D0400B9B565 /* UITextField+Border.swift */; };
		E1164E2C1EF35D0400B9B565 /* UIView.swift in Sources */ = {isa = PBXBuildFile; fileRef = E1164E1C1EF35D0400B9B565 /* UIView.swift */; };
		E1164E2D1EF35D0400B9B565 /* UIViewController.swift in Sources */ = {isa = PBXBuildFile; fileRef = E1164E1D1EF35D0400B9B565 /* UIViewController.swift */; };
		E1164E301EF35D2300B9B565 /* SectionHeaderLabelCell.swift in Sources */ = {isa = PBXBuildFile; fileRef = E1164E2E1EF35D2300B9B565 /* SectionHeaderLabelCell.swift */; };
		E1164E311EF35D2300B9B565 /* SectionHeaderLabelCell.xib in Resources */ = {isa = PBXBuildFile; fileRef = E1164E2F1EF35D2300B9B565 /* SectionHeaderLabelCell.xib */; };
		E1164E341EF35D3300B9B565 /* PlainButtonCell.swift in Sources */ = {isa = PBXBuildFile; fileRef = E1164E321EF35D3300B9B565 /* PlainButtonCell.swift */; };
		E1164E351EF35D3300B9B565 /* PlainButtonCell.xib in Resources */ = {isa = PBXBuildFile; fileRef = E1164E331EF35D3300B9B565 /* PlainButtonCell.xib */; };
		E1164E371EF35D3F00B9B565 /* Constants.swift in Sources */ = {isa = PBXBuildFile; fileRef = E1164E361EF35D3F00B9B565 /* Constants.swift */; };
		E1164E3A1EF35D4D00B9B565 /* SessionHelper.swift in Sources */ = {isa = PBXBuildFile; fileRef = E1164E381EF35D4D00B9B565 /* SessionHelper.swift */; };
		E1164E3B1EF35D4D00B9B565 /* ValidatorHelper.swift in Sources */ = {isa = PBXBuildFile; fileRef = E1164E391EF35D4D00B9B565 /* ValidatorHelper.swift */; };
		E1164E401EF35D5700B9B565 /* RoundedPinkButton.swift in Sources */ = {isa = PBXBuildFile; fileRef = E1164E3C1EF35D5700B9B565 /* RoundedPinkButton.swift */; };
		E1164E411EF35D5700B9B565 /* RoundedTextField.swift in Sources */ = {isa = PBXBuildFile; fileRef = E1164E3D1EF35D5700B9B565 /* RoundedTextField.swift */; };
		E1164E421EF35D5700B9B565 /* SimpleCircle.swift in Sources */ = {isa = PBXBuildFile; fileRef = E1164E3E1EF35D5700B9B565 /* SimpleCircle.swift */; };
		E1164E431EF35D5700B9B565 /* ValidableUILabel.swift in Sources */ = {isa = PBXBuildFile; fileRef = E1164E3F1EF35D5700B9B565 /* ValidableUILabel.swift */; };
		E1164E451EF35D5E00B9B565 /* PlainButtonCellDelegate.swift in Sources */ = {isa = PBXBuildFile; fileRef = E1164E441EF35D5E00B9B565 /* PlainButtonCellDelegate.swift */; };
		E1164E471EF35D6800B9B565 /* ProfileApiDataManager.swift in Sources */ = {isa = PBXBuildFile; fileRef = E1164E461EF35D6800B9B565 /* ProfileApiDataManager.swift */; };
		E1164E491EF35D6E00B9B565 /* ProfileLocalDataManager.swift in Sources */ = {isa = PBXBuildFile; fileRef = E1164E481EF35D6E00B9B565 /* ProfileLocalDataManager.swift */; };
		E1164E4B1EF35DCF00B9B565 /* StoryboardLoadable.swift in Sources */ = {isa = PBXBuildFile; fileRef = E1164E4A1EF35DCF00B9B565 /* StoryboardLoadable.swift */; };
/* End PBXBuildFile section */

/* Begin PBXCopyFilesBuildPhase section */
		33791C8F1E11C313003CAC9D /* Embed Frameworks */ = {
			isa = PBXCopyFilesBuildPhase;
			buildActionMask = 2147483647;
			dstPath = "";
			dstSubfolderSpec = 10;
			files = (
			);
			name = "Embed Frameworks";
			runOnlyForDeploymentPostprocessing = 0;
		};
/* End PBXCopyFilesBuildPhase section */

/* Begin PBXFileReference section */
		0FC14883EEB97F91D4E3FD81 /* Pods_Boilerplate.framework */ = {isa = PBXFileReference; explicitFileType = wrapper.framework; includeInIndex = 0; path = Pods_Boilerplate.framework; sourceTree = BUILT_PRODUCTS_DIR; };
		332288801DD282D5001042CE /* BaseContract.swift */ = {isa = PBXFileReference; fileEncoding = 4; lastKnownFileType = sourcecode.swift; name = BaseContract.swift; path = Base/Contract/BaseContract.swift; sourceTree = "<group>"; };
		3322888E1DD283CF001042CE /* BaseViewController.swift */ = {isa = PBXFileReference; fileEncoding = 4; lastKnownFileType = sourcecode.swift; name = BaseViewController.swift; path = Base/View/BaseViewController.swift; sourceTree = "<group>"; };
		3328AE5E1DF9DB1D0067C544 /* NibLoadableView.swift */ = {isa = PBXFileReference; fileEncoding = 4; lastKnownFileType = sourcecode.swift; path = NibLoadableView.swift; sourceTree = "<group>"; };
		3328AE641DF9ED590067C544 /* ReusableView.swift */ = {isa = PBXFileReference; fileEncoding = 4; lastKnownFileType = sourcecode.swift; path = ReusableView.swift; sourceTree = "<group>"; };
		332F1C841DD33A790080B38D /* AppDelegate.swift */ = {isa = PBXFileReference; fileEncoding = 4; lastKnownFileType = sourcecode.swift; name = AppDelegate.swift; path = Application/AppDelegate.swift; sourceTree = "<group>"; };
		332F1C861DD33A790080B38D /* RootRouter.swift */ = {isa = PBXFileReference; fileEncoding = 4; lastKnownFileType = sourcecode.swift; name = RootRouter.swift; path = Application/RootRouter.swift; sourceTree = "<group>"; };
		337EB0731DD39BCB00733F9C /* SanFranciscoText-Light.otf */ = {isa = PBXFileReference; lastKnownFileType = file; name = "SanFranciscoText-Light.otf"; path = "Resources/SanFranciscoText-Light.otf"; sourceTree = "<group>"; };
		337EB0741DD39BCB00733F9C /* SanFranciscoText-Medium.otf */ = {isa = PBXFileReference; lastKnownFileType = file; name = "SanFranciscoText-Medium.otf"; path = "Resources/SanFranciscoText-Medium.otf"; sourceTree = "<group>"; };
		337EB0751DD39BCB00733F9C /* SanFranciscoText-Regular.otf */ = {isa = PBXFileReference; lastKnownFileType = file; name = "SanFranciscoText-Regular.otf"; path = "Resources/SanFranciscoText-Regular.otf"; sourceTree = "<group>"; };
		33B53F1C1DD0ECD500462C66 /* Boilerplate.app */ = {isa = PBXFileReference; explicitFileType = wrapper.application; includeInIndex = 0; path = Boilerplate.app; sourceTree = BUILT_PRODUCTS_DIR; };
		33B53F2B1DD0ECD500462C66 /* Info.plist */ = {isa = PBXFileReference; lastKnownFileType = text.plist.xml; path = Info.plist; sourceTree = "<group>"; };
		33BE59951E36CCB4000661F6 /* UserProfile.swift */ = {isa = PBXFileReference; fileEncoding = 4; lastKnownFileType = sourcecode.swift; name = UserProfile.swift; path = Entities/UserProfile/UserProfile.swift; sourceTree = "<group>"; };
		33BE59971E36CD07000661F6 /* ResponseErrors.swift */ = {isa = PBXFileReference; fileEncoding = 4; lastKnownFileType = sourcecode.swift; name = ResponseErrors.swift; path = Entities/UserProfile/ResponseErrors.swift; sourceTree = "<group>"; };
		33CAF4D71DD75B1600465298 /* Base */ = {isa = PBXFileReference; lastKnownFileType = text.plist.strings; name = Base; path = Base.lproj/Localizable.strings; sourceTree = "<group>"; };
		33CAF4D81DD75BDD00465298 /* LaunchScreen.storyboard */ = {isa = PBXFileReference; fileEncoding = 4; lastKnownFileType = file.storyboard; name = LaunchScreen.storyboard; path = Application/LaunchScreen.storyboard; sourceTree = "<group>"; };
		33D965901E946693001EDF07 /* Assets.xcassets */ = {isa = PBXFileReference; lastKnownFileType = folder.assetcatalog; name = Assets.xcassets; path = Assets/Images/Assets.xcassets; sourceTree = "<group>"; };
		447304C35B86016CFCC9F1B8 /* Pods-Boilerplate.debug.xcconfig */ = {isa = PBXFileReference; includeInIndex = 1; lastKnownFileType = text.xcconfig; name = "Pods-Boilerplate.debug.xcconfig"; path = "Pods/Target Support Files/Pods-Boilerplate/Pods-Boilerplate.debug.xcconfig"; sourceTree = "<group>"; };
		715787CC2016169C00DE5355 /* TabBarContract.swift */ = {isa = PBXFileReference; lastKnownFileType = sourcecode.swift; path = TabBarContract.swift; sourceTree = "<group>"; };
		715787CE201616AC00DE5355 /* TabBarRouter.swift */ = {isa = PBXFileReference; lastKnownFileType = sourcecode.swift; path = TabBarRouter.swift; sourceTree = "<group>"; };
		715787D0201616C500DE5355 /* TabBarPresenter.swift */ = {isa = PBXFileReference; lastKnownFileType = sourcecode.swift; path = TabBarPresenter.swift; sourceTree = "<group>"; };
		715787D2201616D100DE5355 /* TabBarInteractor.swift */ = {isa = PBXFileReference; lastKnownFileType = sourcecode.swift; path = TabBarInteractor.swift; sourceTree = "<group>"; };
		715787D4201616E000DE5355 /* TabBarController.swift */ = {isa = PBXFileReference; lastKnownFileType = sourcecode.swift; path = TabBarController.swift; sourceTree = "<group>"; };
		715787D62016485E00DE5355 /* TabBar.storyboard */ = {isa = PBXFileReference; lastKnownFileType = file.storyboard; path = TabBar.storyboard; sourceTree = "<group>"; };
		71687C02201119B300269A02 /* CoinDetailViewController.swift */ = {isa = PBXFileReference; lastKnownFileType = sourcecode.swift; path = CoinDetailViewController.swift; sourceTree = "<group>"; };
		71687C04201119C300269A02 /* CoinDetailRouter.swift */ = {isa = PBXFileReference; lastKnownFileType = sourcecode.swift; path = CoinDetailRouter.swift; sourceTree = "<group>"; };
		71687C06201119D000269A02 /* CoinDetailContract.swift */ = {isa = PBXFileReference; lastKnownFileType = sourcecode.swift; path = CoinDetailContract.swift; sourceTree = "<group>"; };
		71687C08201119DD00269A02 /* CoinDetailPresenter.swift */ = {isa = PBXFileReference; lastKnownFileType = sourcecode.swift; path = CoinDetailPresenter.swift; sourceTree = "<group>"; };
		71687C0A201119EE00269A02 /* CoinDetailInteractor.swift */ = {isa = PBXFileReference; lastKnownFileType = sourcecode.swift; path = CoinDetailInteractor.swift; sourceTree = "<group>"; };
		71BE32A4201788BC0009B26D /* NewsDetailViewController.swift */ = {isa = PBXFileReference; lastKnownFileType = sourcecode.swift; path = NewsDetailViewController.swift; sourceTree = "<group>"; };
		71BE32A6201788CE0009B26D /* NewsDetailPresenter.swift */ = {isa = PBXFileReference; lastKnownFileType = sourcecode.swift; path = NewsDetailPresenter.swift; sourceTree = "<group>"; };
		71BE32A8201788E40009B26D /* NewsDetailInteractor.swift */ = {isa = PBXFileReference; lastKnownFileType = sourcecode.swift; path = NewsDetailInteractor.swift; sourceTree = "<group>"; };
		71BE32AA201788ED0009B26D /* NewsDetailRouter.swift */ = {isa = PBXFileReference; lastKnownFileType = sourcecode.swift; path = NewsDetailRouter.swift; sourceTree = "<group>"; };
		71BE32AC201788FB0009B26D /* NewsDetailContract.swift */ = {isa = PBXFileReference; lastKnownFileType = sourcecode.swift; path = NewsDetailContract.swift; sourceTree = "<group>"; };
		71BE32AE2017B24E0009B26D /* GoogleService-Info.plist */ = {isa = PBXFileReference; fileEncoding = 4; lastKnownFileType = text.plist.xml; path = "GoogleService-Info.plist"; sourceTree = "<group>"; };
		71DF8D8F20127C47004E634F /* CoinDetail.storyboard */ = {isa = PBXFileReference; lastKnownFileType = file.storyboard; path = CoinDetail.storyboard; sourceTree = "<group>"; };
		71DF8D9320129B83004E634F /* CoinDetailCell.swift */ = {isa = PBXFileReference; lastKnownFileType = sourcecode.swift; path = CoinDetailCell.swift; sourceTree = "<group>"; };
		71E370CD20165D4A002859BF /* NewsList.storyboard */ = {isa = PBXFileReference; lastKnownFileType = file.storyboard; path = NewsList.storyboard; sourceTree = "<group>"; };
		71E370CF20167113002859BF /* CryptoNews.swift */ = {isa = PBXFileReference; lastKnownFileType = sourcecode.swift; path = CryptoNews.swift; sourceTree = "<group>"; };
		71E370D1201671D5002859BF /* Articles.swift */ = {isa = PBXFileReference; lastKnownFileType = sourcecode.swift; path = Articles.swift; sourceTree = "<group>"; };
		71E370D3201672A1002859BF /* Source.swift */ = {isa = PBXFileReference; lastKnownFileType = sourcecode.swift; path = Source.swift; sourceTree = "<group>"; };
		71E370D720167711002859BF /* NewsListViewController.swift */ = {isa = PBXFileReference; lastKnownFileType = sourcecode.swift; path = NewsListViewController.swift; sourceTree = "<group>"; };
		71E370D92016778C002859BF /* NewsListPresenter.swift */ = {isa = PBXFileReference; lastKnownFileType = sourcecode.swift; path = NewsListPresenter.swift; sourceTree = "<group>"; };
		71E370DB20167799002859BF /* NewsListInteractor.swift */ = {isa = PBXFileReference; lastKnownFileType = sourcecode.swift; path = NewsListInteractor.swift; sourceTree = "<group>"; };
		71E370DD201677A3002859BF /* NewsListRouter.swift */ = {isa = PBXFileReference; lastKnownFileType = sourcecode.swift; path = NewsListRouter.swift; sourceTree = "<group>"; };
		71E370DF201677AF002859BF /* NewsListContract.swift */ = {isa = PBXFileReference; lastKnownFileType = sourcecode.swift; path = NewsListContract.swift; sourceTree = "<group>"; };
		71E370E1201677EB002859BF /* NewsTableCell.swift */ = {isa = PBXFileReference; lastKnownFileType = sourcecode.swift; path = NewsTableCell.swift; sourceTree = "<group>"; };
		71E370E320168013002859BF /* NewsApiDataManager.swift */ = {isa = PBXFileReference; lastKnownFileType = sourcecode.swift; path = NewsApiDataManager.swift; sourceTree = "<group>"; };
		71E370E52016D189002859BF /* MainSearch.storyboard */ = {isa = PBXFileReference; fileEncoding = 4; lastKnownFileType = file.storyboard; name = MainSearch.storyboard; path = MainSearch/View/MainSearch.storyboard; sourceTree = "<group>"; };
		71FC6035200AC69C00D49016 /* MainCoinsViewController.swift */ = {isa = PBXFileReference; fileEncoding = 4; lastKnownFileType = sourcecode.swift; path = MainCoinsViewController.swift; sourceTree = "<group>"; };
		71FC6036200AC69C00D49016 /* mTableViewCell.swift */ = {isa = PBXFileReference; fileEncoding = 4; lastKnownFileType = sourcecode.swift; path = mTableViewCell.swift; sourceTree = "<group>"; };
		71FC605A200AC76600D49016 /* MainSearchContract.swift */ = {isa = PBXFileReference; fileEncoding = 4; lastKnownFileType = sourcecode.swift; path = MainSearchContract.swift; sourceTree = "<group>"; };
		71FC605C200AC76600D49016 /* MainSearchPresenter.swift */ = {isa = PBXFileReference; fileEncoding = 4; lastKnownFileType = sourcecode.swift; path = MainSearchPresenter.swift; sourceTree = "<group>"; };
		71FC6061200AC76600D49016 /* MainSearchInteractor.swift */ = {isa = PBXFileReference; fileEncoding = 4; lastKnownFileType = sourcecode.swift; path = MainSearchInteractor.swift; sourceTree = "<group>"; };
		71FC6063200AC76600D49016 /* MainSearchRouter.swift */ = {isa = PBXFileReference; fileEncoding = 4; lastKnownFileType = sourcecode.swift; path = MainSearchRouter.swift; sourceTree = "<group>"; };
		71FC6075200AC82000D49016 /* Coin.swift */ = {isa = PBXFileReference; fileEncoding = 4; lastKnownFileType = sourcecode.swift; path = Coin.swift; sourceTree = "<group>"; };
		71FC6076200AC82000D49016 /* CoinAttributes.swift */ = {isa = PBXFileReference; fileEncoding = 4; lastKnownFileType = sourcecode.swift; path = CoinAttributes.swift; sourceTree = "<group>"; };
		71FC6079200AC84100D49016 /* CoinApiDataManager.swift */ = {isa = PBXFileReference; fileEncoding = 4; lastKnownFileType = sourcecode.swift; path = CoinApiDataManager.swift; sourceTree = "<group>"; };
		BE35B33DF9C7E5EC7BB99631 /* Pods-Boilerplate.release.xcconfig */ = {isa = PBXFileReference; includeInIndex = 1; lastKnownFileType = text.xcconfig; name = "Pods-Boilerplate.release.xcconfig"; path = "Pods/Target Support Files/Pods-Boilerplate/Pods-Boilerplate.release.xcconfig"; sourceTree = "<group>"; };
		E1164E0E1EF35D0400B9B565 /* DataResponse.swift */ = {isa = PBXFileReference; fileEncoding = 4; lastKnownFileType = sourcecode.swift; path = DataResponse.swift; sourceTree = "<group>"; };
		E1164E0F1EF35D0400B9B565 /* Double.swift */ = {isa = PBXFileReference; fileEncoding = 4; lastKnownFileType = sourcecode.swift; path = Double.swift; sourceTree = "<group>"; };
		E1164E101EF35D0400B9B565 /* Results.swift */ = {isa = PBXFileReference; fileEncoding = 4; lastKnownFileType = sourcecode.swift; path = Results.swift; sourceTree = "<group>"; };
		E1164E111EF35D0400B9B565 /* String.swift */ = {isa = PBXFileReference; fileEncoding = 4; lastKnownFileType = sourcecode.swift; path = String.swift; sourceTree = "<group>"; };
		E1164E121EF35D0400B9B565 /* UIAlertController.swift */ = {isa = PBXFileReference; fileEncoding = 4; lastKnownFileType = sourcecode.swift; path = UIAlertController.swift; sourceTree = "<group>"; };
		E1164E131EF35D0400B9B565 /* UICollectionView.swift */ = {isa = PBXFileReference; fileEncoding = 4; lastKnownFileType = sourcecode.swift; path = UICollectionView.swift; sourceTree = "<group>"; };
		E1164E141EF35D0400B9B565 /* UICollectionViewCell.swift */ = {isa = PBXFileReference; fileEncoding = 4; lastKnownFileType = sourcecode.swift; path = UICollectionViewCell.swift; sourceTree = "<group>"; };
		E1164E151EF35D0400B9B565 /* UIColor+Pallet.swift */ = {isa = PBXFileReference; fileEncoding = 4; lastKnownFileType = sourcecode.swift; path = "UIColor+Pallet.swift"; sourceTree = "<group>"; };
		E1164E161EF35D0400B9B565 /* UIFont+Utils.swift */ = {isa = PBXFileReference; fileEncoding = 4; lastKnownFileType = sourcecode.swift; path = "UIFont+Utils.swift"; sourceTree = "<group>"; };
		E1164E171EF35D0400B9B565 /* UIImage+Icons.swift */ = {isa = PBXFileReference; fileEncoding = 4; lastKnownFileType = sourcecode.swift; path = "UIImage+Icons.swift"; sourceTree = "<group>"; };
		E1164E181EF35D0400B9B565 /* UIStoryboard.swift */ = {isa = PBXFileReference; fileEncoding = 4; lastKnownFileType = sourcecode.swift; path = UIStoryboard.swift; sourceTree = "<group>"; };
		E1164E191EF35D0400B9B565 /* UITableView.swift */ = {isa = PBXFileReference; fileEncoding = 4; lastKnownFileType = sourcecode.swift; path = UITableView.swift; sourceTree = "<group>"; };
		E1164E1A1EF35D0400B9B565 /* UITableViewCell.swift */ = {isa = PBXFileReference; fileEncoding = 4; lastKnownFileType = sourcecode.swift; path = UITableViewCell.swift; sourceTree = "<group>"; };
		E1164E1B1EF35D0400B9B565 /* UITextField+Border.swift */ = {isa = PBXFileReference; fileEncoding = 4; lastKnownFileType = sourcecode.swift; path = "UITextField+Border.swift"; sourceTree = "<group>"; };
		E1164E1C1EF35D0400B9B565 /* UIView.swift */ = {isa = PBXFileReference; fileEncoding = 4; lastKnownFileType = sourcecode.swift; path = UIView.swift; sourceTree = "<group>"; };
		E1164E1D1EF35D0400B9B565 /* UIViewController.swift */ = {isa = PBXFileReference; fileEncoding = 4; lastKnownFileType = sourcecode.swift; path = UIViewController.swift; sourceTree = "<group>"; };
		E1164E2E1EF35D2300B9B565 /* SectionHeaderLabelCell.swift */ = {isa = PBXFileReference; fileEncoding = 4; lastKnownFileType = sourcecode.swift; path = SectionHeaderLabelCell.swift; sourceTree = "<group>"; };
		E1164E2F1EF35D2300B9B565 /* SectionHeaderLabelCell.xib */ = {isa = PBXFileReference; fileEncoding = 4; lastKnownFileType = file.xib; path = SectionHeaderLabelCell.xib; sourceTree = "<group>"; };
		E1164E321EF35D3300B9B565 /* PlainButtonCell.swift */ = {isa = PBXFileReference; fileEncoding = 4; lastKnownFileType = sourcecode.swift; path = PlainButtonCell.swift; sourceTree = "<group>"; };
		E1164E331EF35D3300B9B565 /* PlainButtonCell.xib */ = {isa = PBXFileReference; fileEncoding = 4; lastKnownFileType = file.xib; path = PlainButtonCell.xib; sourceTree = "<group>"; };
		E1164E361EF35D3F00B9B565 /* Constants.swift */ = {isa = PBXFileReference; fileEncoding = 4; lastKnownFileType = sourcecode.swift; path = Constants.swift; sourceTree = "<group>"; };
		E1164E381EF35D4D00B9B565 /* SessionHelper.swift */ = {isa = PBXFileReference; fileEncoding = 4; lastKnownFileType = sourcecode.swift; path = SessionHelper.swift; sourceTree = "<group>"; };
		E1164E391EF35D4D00B9B565 /* ValidatorHelper.swift */ = {isa = PBXFileReference; fileEncoding = 4; lastKnownFileType = sourcecode.swift; path = ValidatorHelper.swift; sourceTree = "<group>"; };
		E1164E3C1EF35D5700B9B565 /* RoundedPinkButton.swift */ = {isa = PBXFileReference; fileEncoding = 4; lastKnownFileType = sourcecode.swift; path = RoundedPinkButton.swift; sourceTree = "<group>"; };
		E1164E3D1EF35D5700B9B565 /* RoundedTextField.swift */ = {isa = PBXFileReference; fileEncoding = 4; lastKnownFileType = sourcecode.swift; path = RoundedTextField.swift; sourceTree = "<group>"; };
		E1164E3E1EF35D5700B9B565 /* SimpleCircle.swift */ = {isa = PBXFileReference; fileEncoding = 4; lastKnownFileType = sourcecode.swift; path = SimpleCircle.swift; sourceTree = "<group>"; };
		E1164E3F1EF35D5700B9B565 /* ValidableUILabel.swift */ = {isa = PBXFileReference; fileEncoding = 4; lastKnownFileType = sourcecode.swift; path = ValidableUILabel.swift; sourceTree = "<group>"; };
		E1164E441EF35D5E00B9B565 /* PlainButtonCellDelegate.swift */ = {isa = PBXFileReference; fileEncoding = 4; lastKnownFileType = sourcecode.swift; path = PlainButtonCellDelegate.swift; sourceTree = "<group>"; };
		E1164E461EF35D6800B9B565 /* ProfileApiDataManager.swift */ = {isa = PBXFileReference; fileEncoding = 4; lastKnownFileType = sourcecode.swift; path = ProfileApiDataManager.swift; sourceTree = "<group>"; };
		E1164E481EF35D6E00B9B565 /* ProfileLocalDataManager.swift */ = {isa = PBXFileReference; fileEncoding = 4; lastKnownFileType = sourcecode.swift; path = ProfileLocalDataManager.swift; sourceTree = "<group>"; };
		E1164E4A1EF35DCF00B9B565 /* StoryboardLoadable.swift */ = {isa = PBXFileReference; fileEncoding = 4; lastKnownFileType = sourcecode.swift; path = StoryboardLoadable.swift; sourceTree = "<group>"; };
/* End PBXFileReference section */

/* Begin PBXFrameworksBuildPhase section */
		33B53F191DD0ECD500462C66 /* Frameworks */ = {
			isa = PBXFrameworksBuildPhase;
			buildActionMask = 2147483647;
			files = (
				3CDD38D2523DC3CFAE1DEEE7 /* Pods_Boilerplate.framework in Frameworks */,
			);
			runOnlyForDeploymentPostprocessing = 0;
		};
/* End PBXFrameworksBuildPhase section */

/* Begin PBXGroup section */
		3067B7B1ED1EEAB4158768D4 /* Pods */ = {
			isa = PBXGroup;
			children = (
				447304C35B86016CFCC9F1B8 /* Pods-Boilerplate.debug.xcconfig */,
				BE35B33DF9C7E5EC7BB99631 /* Pods-Boilerplate.release.xcconfig */,
			);
			name = Pods;
			sourceTree = "<group>";
		};
		33136FCD1E06ED500040C156 /* SectionHeaderLabelCell */ = {
			isa = PBXGroup;
			children = (
				E1164E2E1EF35D2300B9B565 /* SectionHeaderLabelCell.swift */,
				E1164E2F1EF35D2300B9B565 /* SectionHeaderLabelCell.xib */,
			);
			path = SectionHeaderLabelCell;
			sourceTree = "<group>";
		};
		331F00691DD34A8900FF816F /* IBDesignables */ = {
			isa = PBXGroup;
			children = (
				E1164E3C1EF35D5700B9B565 /* RoundedPinkButton.swift */,
				E1164E3D1EF35D5700B9B565 /* RoundedTextField.swift */,
				E1164E3E1EF35D5700B9B565 /* SimpleCircle.swift */,
				E1164E3F1EF35D5700B9B565 /* ValidableUILabel.swift */,
			);
			path = IBDesignables;
			sourceTree = "<group>";
		};
		3322884F1DD2633B001042CE /* Assets */ = {
			isa = PBXGroup;
			children = (
				337EB0721DD39BBD00733F9C /* Fonts */,
				332288511DD26352001042CE /* Images */,
				332288501DD2634A001042CE /* Strings */,
			);
			name = Assets;
			sourceTree = "<group>";
		};
		332288501DD2634A001042CE /* Strings */ = {
			isa = PBXGroup;
			children = (
				33CAF4D61DD75AF600465298 /* Localizable.strings */,
			);
			name = Strings;
			sourceTree = "<group>";
		};
		332288511DD26352001042CE /* Images */ = {
			isa = PBXGroup;
			children = (
				33D965901E946693001EDF07 /* Assets.xcassets */,
			);
			name = Images;
			sourceTree = "<group>";
		};
		332288531DD26388001042CE /* Utils */ = {
			isa = PBXGroup;
			children = (
				33D965921E9466FF001EDF07 /* DataManagers */,
				3328AE5D1DF9DAF70067C544 /* Protocols */,
				3328AE531DF9D32C0067C544 /* Structs */,
				3328AE501DF9D19B0067C544 /* Enums */,
				33B3BBF01DE9B69C003ADD4C /* Delegates */,
				331F00691DD34A8900FF816F /* IBDesignables */,
				332288591DD2648A001042CE /* Helpers */,
				332288581DD26480001042CE /* Extensions */,
				332288551DD263A1001042CE /* UIViews */,
				332288541DD26396001042CE /* Constants */,
			);
			path = Utils;
			sourceTree = "<group>";
		};
		332288541DD26396001042CE /* Constants */ = {
			isa = PBXGroup;
			children = (
				E1164E361EF35D3F00B9B565 /* Constants.swift */,
			);
			path = Constants;
			sourceTree = "<group>";
		};
		332288551DD263A1001042CE /* UIViews */ = {
			isa = PBXGroup;
			children = (
				33E44BAF1DE624EE006F6379 /* TableViewCells */,
			);
			path = UIViews;
			sourceTree = "<group>";
		};
		332288581DD26480001042CE /* Extensions */ = {
			isa = PBXGroup;
			children = (
				E1164E0E1EF35D0400B9B565 /* DataResponse.swift */,
				E1164E0F1EF35D0400B9B565 /* Double.swift */,
				E1164E101EF35D0400B9B565 /* Results.swift */,
				E1164E111EF35D0400B9B565 /* String.swift */,
				E1164E121EF35D0400B9B565 /* UIAlertController.swift */,
				E1164E131EF35D0400B9B565 /* UICollectionView.swift */,
				E1164E141EF35D0400B9B565 /* UICollectionViewCell.swift */,
				E1164E151EF35D0400B9B565 /* UIColor+Pallet.swift */,
				E1164E161EF35D0400B9B565 /* UIFont+Utils.swift */,
				E1164E171EF35D0400B9B565 /* UIImage+Icons.swift */,
				E1164E181EF35D0400B9B565 /* UIStoryboard.swift */,
				E1164E191EF35D0400B9B565 /* UITableView.swift */,
				E1164E1A1EF35D0400B9B565 /* UITableViewCell.swift */,
				E1164E1B1EF35D0400B9B565 /* UITextField+Border.swift */,
				E1164E1C1EF35D0400B9B565 /* UIView.swift */,
				E1164E1D1EF35D0400B9B565 /* UIViewController.swift */,
			);
			path = Extensions;
			sourceTree = "<group>";
		};
		332288591DD2648A001042CE /* Helpers */ = {
			isa = PBXGroup;
			children = (
				E1164E381EF35D4D00B9B565 /* SessionHelper.swift */,
				E1164E391EF35D4D00B9B565 /* ValidatorHelper.swift */,
			);
			path = Helpers;
			sourceTree = "<group>";
		};
		3322887B1DD28241001042CE /* Base */ = {
			isa = PBXGroup;
			children = (
				3322887D1DD2825B001042CE /* View */,
				3322887C1DD2824B001042CE /* Contract */,
			);
			name = Base;
			sourceTree = "<group>";
		};
		3322887C1DD2824B001042CE /* Contract */ = {
			isa = PBXGroup;
			children = (
				332288801DD282D5001042CE /* BaseContract.swift */,
			);
			name = Contract;
			sourceTree = "<group>";
		};
		3322887D1DD2825B001042CE /* View */ = {
			isa = PBXGroup;
			children = (
				3322888E1DD283CF001042CE /* BaseViewController.swift */,
			);
			name = View;
			sourceTree = "<group>";
		};
		3328AE501DF9D19B0067C544 /* Enums */ = {
			isa = PBXGroup;
			children = (
			);
			path = Enums;
			sourceTree = "<group>";
		};
		3328AE531DF9D32C0067C544 /* Structs */ = {
			isa = PBXGroup;
			children = (
			);
			path = Structs;
			sourceTree = "<group>";
		};
		3328AE5D1DF9DAF70067C544 /* Protocols */ = {
			isa = PBXGroup;
			children = (
				3328AE5E1DF9DB1D0067C544 /* NibLoadableView.swift */,
				3328AE641DF9ED590067C544 /* ReusableView.swift */,
				E1164E4A1EF35DCF00B9B565 /* StoryboardLoadable.swift */,
			);
			path = Protocols;
			sourceTree = "<group>";
		};
		336133641DF0E63000D3E05B /* Entities */ = {
			isa = PBXGroup;
			children = (
				71E370D6201672C2002859BF /* News */,
				71E370D5201672B5002859BF /* Coins */,
				33BE59941E36CC54000661F6 /* UserProfile */,
			);
			name = Entities;
			sourceTree = "<group>";
		};
		337EB0721DD39BBD00733F9C /* Fonts */ = {
			isa = PBXGroup;
			children = (
				337EB0731DD39BCB00733F9C /* SanFranciscoText-Light.otf */,
				337EB0741DD39BCB00733F9C /* SanFranciscoText-Medium.otf */,
				337EB0751DD39BCB00733F9C /* SanFranciscoText-Regular.otf */,
			);
			name = Fonts;
			sourceTree = "<group>";
		};
		33B3BBF01DE9B69C003ADD4C /* Delegates */ = {
			isa = PBXGroup;
			children = (
				E1164E441EF35D5E00B9B565 /* PlainButtonCellDelegate.swift */,
			);
			name = Delegates;
			path = Delegate;
			sourceTree = "<group>";
		};
		33B53F131DD0ECD500462C66 = {
			isa = PBXGroup;
			children = (
				33B53F1E1DD0ECD500462C66 /* Boilerplate */,
				33B53F1D1DD0ECD500462C66 /* Products */,
				3067B7B1ED1EEAB4158768D4 /* Pods */,
				3A2F7912797271B209F2D933 /* Frameworks */,
			);
			sourceTree = "<group>";
		};
		33B53F1D1DD0ECD500462C66 /* Products */ = {
			isa = PBXGroup;
			children = (
				33B53F1C1DD0ECD500462C66 /* Boilerplate.app */,
			);
			name = Products;
			sourceTree = "<group>";
		};
		33B53F1E1DD0ECD500462C66 /* Boilerplate */ = {
			isa = PBXGroup;
			children = (
				33E031C5C8BB899C8D6BE189 /* Modules */,
				336133641DF0E63000D3E05B /* Entities */,
				332288531DD26388001042CE /* Utils */,
				3322884F1DD2633B001042CE /* Assets */,
				33B53F5B1DD0FD9500462C66 /* Application */,
				33B53F2B1DD0ECD500462C66 /* Info.plist */,
				71BE32AE2017B24E0009B26D /* GoogleService-Info.plist */,
			);
			path = Boilerplate;
			sourceTree = "<group>";
		};
		33B53F5B1DD0FD9500462C66 /* Application */ = {
			isa = PBXGroup;
			children = (
				332F1C841DD33A790080B38D /* AppDelegate.swift */,
				332F1C861DD33A790080B38D /* RootRouter.swift */,
				33CAF4D81DD75BDD00465298 /* LaunchScreen.storyboard */,
			);
			name = Application;
			sourceTree = "<group>";
		};
		33BE59931E36CB00000661F6 /* CoinList */ = {
			isa = PBXGroup;
			children = (
				71FC6060200AC76600D49016 /* Interactor */,
				71FC605B200AC76600D49016 /* Presenter */,
				71FC6059200AC76600D49016 /* Contract */,
				71FC6062200AC76600D49016 /* Router */,
				33BE59A71E36CE90000661F6 /* View */,
			);
			name = CoinList;
			sourceTree = "<group>";
		};
		33BE59941E36CC54000661F6 /* UserProfile */ = {
			isa = PBXGroup;
			children = (
				33BE59971E36CD07000661F6 /* ResponseErrors.swift */,
				33BE59951E36CCB4000661F6 /* UserProfile.swift */,
			);
			name = UserProfile;
			sourceTree = "<group>";
		};
		33BE59A71E36CE90000661F6 /* View */ = {
			isa = PBXGroup;
			children = (
				71E370E52016D189002859BF /* MainSearch.storyboard */,
				71FC6035200AC69C00D49016 /* MainCoinsViewController.swift */,
				71FC6036200AC69C00D49016 /* mTableViewCell.swift */,
			);
			name = View;
			sourceTree = "<group>";
		};
		33D965921E9466FF001EDF07 /* DataManagers */ = {
			isa = PBXGroup;
			children = (
				33D965941E94670C001EDF07 /* Api */,
				33D965931E946707001EDF07 /* Local */,
			);
			path = DataManagers;
			sourceTree = "<group>";
		};
		33D965931E946707001EDF07 /* Local */ = {
			isa = PBXGroup;
			children = (
				E1164E481EF35D6E00B9B565 /* ProfileLocalDataManager.swift */,
			);
			path = Local;
			sourceTree = "<group>";
		};
		33D965941E94670C001EDF07 /* Api */ = {
			isa = PBXGroup;
			children = (
				71FC6079200AC84100D49016 /* CoinApiDataManager.swift */,
				E1164E461EF35D6800B9B565 /* ProfileApiDataManager.swift */,
				71E370E320168013002859BF /* NewsApiDataManager.swift */,
			);
			path = Api;
			sourceTree = "<group>";
		};
		33E031C5C8BB899C8D6BE189 /* Modules */ = {
			isa = PBXGroup;
			children = (
				71BE329E2017885C0009B26D /* NewsDetail */,
				715787D820165BAB00DE5355 /* NewsList */,
				33BE59931E36CB00000661F6 /* CoinList */,
				71D43B0C200BEDB700841D89 /* CoinDetail */,
				71F5C0DB20160DA400D0C977 /* TabBar */,
				3322887B1DD28241001042CE /* Base */,
			);
			path = Modules;
			sourceTree = "<group>";
		};
		33E44BAF1DE624EE006F6379 /* TableViewCells */ = {
			isa = PBXGroup;
			children = (
				33136FCD1E06ED500040C156 /* SectionHeaderLabelCell */,
				33EFA4061E0C5374009B2703 /* PlainButtonCell */,
			);
			path = TableViewCells;
			sourceTree = "<group>";
		};
		33EFA4061E0C5374009B2703 /* PlainButtonCell */ = {
			isa = PBXGroup;
			children = (
				E1164E321EF35D3300B9B565 /* PlainButtonCell.swift */,
				E1164E331EF35D3300B9B565 /* PlainButtonCell.xib */,
			);
			path = PlainButtonCell;
			sourceTree = "<group>";
		};
		3A2F7912797271B209F2D933 /* Frameworks */ = {
			isa = PBXGroup;
			children = (
				0FC14883EEB97F91D4E3FD81 /* Pods_Boilerplate.framework */,
			);
			name = Frameworks;
			sourceTree = "<group>";
		};
		715787D820165BAB00DE5355 /* NewsList */ = {
			isa = PBXGroup;
			children = (
				71E370CC20165CF3002859BF /* View */,
				71E370CB20165CF0002859BF /* Presenter */,
				71E370CA20165CED002859BF /* Interactor */,
				71E370C920165CEB002859BF /* Router */,
				71E370C820165CE7002859BF /* Contract */,
			);
			name = NewsList;
			sourceTree = "<group>";
		};
		71BE329E2017885C0009B26D /* NewsDetail */ = {
			isa = PBXGroup;
			children = (
				71BE32A3201788780009B26D /* View */,
				71BE32A2201788750009B26D /* Presenter */,
				71BE32A1201788720009B26D /* Interactor */,
				71BE32A02017886F0009B26D /* Router */,
				71BE329F2017886C0009B26D /* Contracts */,
			);
			name = NewsDetail;
			sourceTree = "<group>";
		};
		71BE329F2017886C0009B26D /* Contracts */ = {
			isa = PBXGroup;
			children = (
				71BE32AC201788FB0009B26D /* NewsDetailContract.swift */,
			);
			name = Contracts;
			sourceTree = "<group>";
		};
		71BE32A02017886F0009B26D /* Router */ = {
			isa = PBXGroup;
			children = (
				71BE32AA201788ED0009B26D /* NewsDetailRouter.swift */,
			);
			name = Router;
			sourceTree = "<group>";
		};
		71BE32A1201788720009B26D /* Interactor */ = {
			isa = PBXGroup;
			children = (
				71BE32A8201788E40009B26D /* NewsDetailInteractor.swift */,
			);
			name = Interactor;
			sourceTree = "<group>";
		};
		71BE32A2201788750009B26D /* Presenter */ = {
			isa = PBXGroup;
			children = (
				71BE32A6201788CE0009B26D /* NewsDetailPresenter.swift */,
			);
			name = Presenter;
			sourceTree = "<group>";
		};
		71BE32A3201788780009B26D /* View */ = {
			isa = PBXGroup;
			children = (
				71BE32A4201788BC0009B26D /* NewsDetailViewController.swift */,
			);
			name = View;
			sourceTree = "<group>";
		};
		71D43B0C200BEDB700841D89 /* CoinDetail */ = {
			isa = PBXGroup;
			children = (
				71D43B11200BEE4C00841D89 /* View */,
				71D43B10200BEE4400841D89 /* Router */,
				71D43B0F200BEE3B00841D89 /* Contract */,
				71D43B0E200BEE3400841D89 /* Presenter */,
				71D43B0D200BEE2B00841D89 /* Interactor */,
			);
			name = CoinDetail;
			sourceTree = "<group>";
		};
		71D43B0D200BEE2B00841D89 /* Interactor */ = {
			isa = PBXGroup;
			children = (
				71687C0A201119EE00269A02 /* CoinDetailInteractor.swift */,
			);
			name = Interactor;
			sourceTree = "<group>";
		};
		71D43B0E200BEE3400841D89 /* Presenter */ = {
			isa = PBXGroup;
			children = (
				71687C08201119DD00269A02 /* CoinDetailPresenter.swift */,
			);
			name = Presenter;
			sourceTree = "<group>";
		};
		71D43B0F200BEE3B00841D89 /* Contract */ = {
			isa = PBXGroup;
			children = (
				71687C06201119D000269A02 /* CoinDetailContract.swift */,
			);
			name = Contract;
			sourceTree = "<group>";
		};
		71D43B10200BEE4400841D89 /* Router */ = {
			isa = PBXGroup;
			children = (
				71687C04201119C300269A02 /* CoinDetailRouter.swift */,
			);
			name = Router;
			sourceTree = "<group>";
		};
		71D43B11200BEE4C00841D89 /* View */ = {
			isa = PBXGroup;
			children = (
				71687C02201119B300269A02 /* CoinDetailViewController.swift */,
				71DF8D9320129B83004E634F /* CoinDetailCell.swift */,
				71DF8D8F20127C47004E634F /* CoinDetail.storyboard */,
			);
			name = View;
			sourceTree = "<group>";
		};
		71E370C820165CE7002859BF /* Contract */ = {
			isa = PBXGroup;
			children = (
				71E370DF201677AF002859BF /* NewsListContract.swift */,
			);
			name = Contract;
			sourceTree = "<group>";
		};
		71E370C920165CEB002859BF /* Router */ = {
			isa = PBXGroup;
			children = (
				71E370DD201677A3002859BF /* NewsListRouter.swift */,
			);
			name = Router;
			sourceTree = "<group>";
		};
		71E370CA20165CED002859BF /* Interactor */ = {
			isa = PBXGroup;
			children = (
				71E370DB20167799002859BF /* NewsListInteractor.swift */,
			);
			name = Interactor;
			sourceTree = "<group>";
		};
		71E370CB20165CF0002859BF /* Presenter */ = {
			isa = PBXGroup;
			children = (
				71E370D92016778C002859BF /* NewsListPresenter.swift */,
			);
			name = Presenter;
			sourceTree = "<group>";
		};
		71E370CC20165CF3002859BF /* View */ = {
			isa = PBXGroup;
			children = (
				71E370CD20165D4A002859BF /* NewsList.storyboard */,
				71E370D720167711002859BF /* NewsListViewController.swift */,
				71E370E1201677EB002859BF /* NewsTableCell.swift */,
			);
			name = View;
			sourceTree = "<group>";
		};
		71E370D5201672B5002859BF /* Coins */ = {
			isa = PBXGroup;
			children = (
				71FC6075200AC82000D49016 /* Coin.swift */,
				71FC6076200AC82000D49016 /* CoinAttributes.swift */,
			);
			name = Coins;
			sourceTree = "<group>";
		};
		71E370D6201672C2002859BF /* News */ = {
			isa = PBXGroup;
			children = (
				71E370D3201672A1002859BF /* Source.swift */,
				71E370D1201671D5002859BF /* Articles.swift */,
				71E370CF20167113002859BF /* CryptoNews.swift */,
			);
			name = News;
			sourceTree = "<group>";
		};
		71F5C0DB20160DA400D0C977 /* TabBar */ = {
			isa = PBXGroup;
			children = (
				71F5C0DD201611CF00D0C977 /* Contract */,
				71F5C0E0201611EB00D0C977 /* Router */,
				71F5C0DF201611E400D0C977 /* Presenter */,
				71F5C0DE201611DA00D0C977 /* Interactor */,
				71F5C0DC201611C400D0C977 /* View */,
			);
			name = TabBar;
			sourceTree = "<group>";
		};
		71F5C0DC201611C400D0C977 /* View */ = {
			isa = PBXGroup;
			children = (
				715787D4201616E000DE5355 /* TabBarController.swift */,
				715787D62016485E00DE5355 /* TabBar.storyboard */,
			);
			name = View;
			sourceTree = "<group>";
		};
		71F5C0DD201611CF00D0C977 /* Contract */ = {
			isa = PBXGroup;
			children = (
				715787CC2016169C00DE5355 /* TabBarContract.swift */,
			);
			name = Contract;
			sourceTree = "<group>";
		};
		71F5C0DE201611DA00D0C977 /* Interactor */ = {
			isa = PBXGroup;
			children = (
				715787D2201616D100DE5355 /* TabBarInteractor.swift */,
			);
			name = Interactor;
			sourceTree = "<group>";
		};
		71F5C0DF201611E400D0C977 /* Presenter */ = {
			isa = PBXGroup;
			children = (
				715787D0201616C500DE5355 /* TabBarPresenter.swift */,
			);
			name = Presenter;
			sourceTree = "<group>";
		};
		71F5C0E0201611EB00D0C977 /* Router */ = {
			isa = PBXGroup;
			children = (
				715787CE201616AC00DE5355 /* TabBarRouter.swift */,
			);
			name = Router;
			sourceTree = "<group>";
		};
		71FC6059200AC76600D49016 /* Contract */ = {
			isa = PBXGroup;
			children = (
				71FC605A200AC76600D49016 /* MainSearchContract.swift */,
			);
			path = Contract;
			sourceTree = "<group>";
		};
		71FC605B200AC76600D49016 /* Presenter */ = {
			isa = PBXGroup;
			children = (
				71FC605C200AC76600D49016 /* MainSearchPresenter.swift */,
			);
			path = Presenter;
			sourceTree = "<group>";
		};
		71FC6060200AC76600D49016 /* Interactor */ = {
			isa = PBXGroup;
			children = (
				71FC6061200AC76600D49016 /* MainSearchInteractor.swift */,
			);
			path = Interactor;
			sourceTree = "<group>";
		};
		71FC6062200AC76600D49016 /* Router */ = {
			isa = PBXGroup;
			children = (
				71FC6063200AC76600D49016 /* MainSearchRouter.swift */,
			);
			path = Router;
			sourceTree = "<group>";
		};
/* End PBXGroup section */

/* Begin PBXNativeTarget section */
		33B53F1B1DD0ECD500462C66 /* Boilerplate */ = {
			isa = PBXNativeTarget;
			buildConfigurationList = 33B53F441DD0ECD600462C66 /* Build configuration list for PBXNativeTarget "Boilerplate" */;
			buildPhases = (
				2FD19320E3BB53ABF436C281 /* [CP] Check Pods Manifest.lock */,
				33B53F181DD0ECD500462C66 /* Sources */,
				33B53F191DD0ECD500462C66 /* Frameworks */,
				33B53F1A1DD0ECD500462C66 /* Resources */,
				330525391DD66015001BE57F /* ShellScript */,
				33791C8F1E11C313003CAC9D /* Embed Frameworks */,
				62BCCD5172FB8FFC3BA51607 /* [CP] Embed Pods Frameworks */,
				43FF0823C8F76FDCC21C47EB /* [CP] Copy Pods Resources */,
			);
			buildRules = (
			);
			dependencies = (
			);
			name = Boilerplate;
			productName = EitaPAY;
			productReference = 33B53F1C1DD0ECD500462C66 /* Boilerplate.app */;
			productType = "com.apple.product-type.application";
		};
/* End PBXNativeTarget section */

/* Begin PBXProject section */
		33B53F141DD0ECD500462C66 /* Project object */ = {
			isa = PBXProject;
			attributes = {
				LastSwiftUpdateCheck = 0810;
				LastUpgradeCheck = 0830;
				ORGANIZATIONNAME = "Cheesecake Labs";
				TargetAttributes = {
					33B53F1B1DD0ECD500462C66 = {
						CreatedOnToolsVersion = 8.1;
						DevelopmentTeam = PFBFJV3F25;
						LastSwiftMigration = 0820;
						ProvisioningStyle = Automatic;
						SystemCapabilities = {
							com.apple.Keychain = {
								enabled = 0;
							};
							com.apple.SafariKeychain = {
								enabled = 0;
							};
						};
					};
				};
			};
			buildConfigurationList = 33B53F171DD0ECD500462C66 /* Build configuration list for PBXProject "Boilerplate" */;
			compatibilityVersion = "Xcode 3.2";
			developmentRegion = English;
			hasScannedForEncodings = 0;
			knownRegions = (
				en,
				Base,
			);
			mainGroup = 33B53F131DD0ECD500462C66;
			productRefGroup = 33B53F1D1DD0ECD500462C66 /* Products */;
			projectDirPath = "";
			projectRoot = "";
			targets = (
				33B53F1B1DD0ECD500462C66 /* Boilerplate */,
			);
		};
/* End PBXProject section */

/* Begin PBXResourcesBuildPhase section */
		33B53F1A1DD0ECD500462C66 /* Resources */ = {
			isa = PBXResourcesBuildPhase;
			buildActionMask = 2147483647;
			files = (
				337EB0781DD39BCB00733F9C /* SanFranciscoText-Regular.otf in Resources */,
				337EB0761DD39BCB00733F9C /* SanFranciscoText-Light.otf in Resources */,
				33D965911E946693001EDF07 /* Assets.xcassets in Resources */,
				71E370E62016D189002859BF /* MainSearch.storyboard in Resources */,
				715787D72016485E00DE5355 /* TabBar.storyboard in Resources */,
				71DF8D9020127C47004E634F /* CoinDetail.storyboard in Resources */,
				33CAF4D91DD75BDD00465298 /* LaunchScreen.storyboard in Resources */,
				71E370CE20165D4A002859BF /* NewsList.storyboard in Resources */,
				33CAF4D41DD75AF600465298 /* Localizable.strings in Resources */,
				E1164E351EF35D3300B9B565 /* PlainButtonCell.xib in Resources */,
				71BE32AF2017B24E0009B26D /* GoogleService-Info.plist in Resources */,
				337EB0771DD39BCB00733F9C /* SanFranciscoText-Medium.otf in Resources */,
				33B53F251DD0ECD500462C66 /* BuildFile in Resources */,
				E1164E311EF35D2300B9B565 /* SectionHeaderLabelCell.xib in Resources */,
			);
			runOnlyForDeploymentPostprocessing = 0;
		};
/* End PBXResourcesBuildPhase section */

/* Begin PBXShellScriptBuildPhase section */
		2FD19320E3BB53ABF436C281 /* [CP] Check Pods Manifest.lock */ = {
			isa = PBXShellScriptBuildPhase;
			buildActionMask = 2147483647;
			files = (
			);
			inputPaths = (
				"${PODS_PODFILE_DIR_PATH}/Podfile.lock",
				"${PODS_ROOT}/Manifest.lock",
			);
			name = "[CP] Check Pods Manifest.lock";
			outputPaths = (
				"$(DERIVED_FILE_DIR)/Pods-Boilerplate-checkManifestLockResult.txt",
			);
			runOnlyForDeploymentPostprocessing = 0;
			shellPath = /bin/sh;
			shellScript = "diff \"${PODS_PODFILE_DIR_PATH}/Podfile.lock\" \"${PODS_ROOT}/Manifest.lock\" > /dev/null\nif [ $? != 0 ] ; then\n    # print error to STDERR\n    echo \"error: The sandbox is not in sync with the Podfile.lock. Run 'pod install' or update your CocoaPods installation.\" >&2\n    exit 1\nfi\n# This output is used by Xcode 'outputs' to avoid re-running this script phase.\necho \"SUCCESS\" > \"${SCRIPT_OUTPUT_FILE_0}\"\n";
			showEnvVarsInLog = 0;
		};
		330525391DD66015001BE57F /* ShellScript */ = {
			isa = PBXShellScriptBuildPhase;
			buildActionMask = 2147483647;
			files = (
			);
			inputPaths = (
			);
			outputPaths = (
			);
			runOnlyForDeploymentPostprocessing = 0;
			shellPath = /bin/sh;
			shellScript = "";
		};
		43FF0823C8F76FDCC21C47EB /* [CP] Copy Pods Resources */ = {
			isa = PBXShellScriptBuildPhase;
			buildActionMask = 2147483647;
			files = (
			);
			inputPaths = (
			);
			name = "[CP] Copy Pods Resources";
			outputPaths = (
			);
			runOnlyForDeploymentPostprocessing = 0;
			shellPath = /bin/sh;
			shellScript = "\"${SRCROOT}/Pods/Target Support Files/Pods-Boilerplate/Pods-Boilerplate-resources.sh\"\n";
			showEnvVarsInLog = 0;
		};
		62BCCD5172FB8FFC3BA51607 /* [CP] Embed Pods Frameworks */ = {
			isa = PBXShellScriptBuildPhase;
			buildActionMask = 2147483647;
			files = (
			);
			inputPaths = (
				"${SRCROOT}/Pods/Target Support Files/Pods-Boilerplate/Pods-Boilerplate-frameworks.sh",
				"${BUILT_PRODUCTS_DIR}/Alamofire/Alamofire.framework",
				"${BUILT_PRODUCTS_DIR}/AlamofireObjectMapper/AlamofireObjectMapper.framework",
				"${BUILT_PRODUCTS_DIR}/GoogleToolboxForMac/GoogleToolboxForMac.framework",
				"${BUILT_PRODUCTS_DIR}/KeychainSwift/KeychainSwift.framework",
				"${BUILT_PRODUCTS_DIR}/Localize-Swift/Localize_Swift.framework",
				"${BUILT_PRODUCTS_DIR}/MBProgressHUD/MBProgressHUD.framework",
				"${BUILT_PRODUCTS_DIR}/NextResponderTextField/NextResponderTextField.framework",
				"${BUILT_PRODUCTS_DIR}/Nuke/Nuke.framework",
				"${BUILT_PRODUCTS_DIR}/ObjectMapper/ObjectMapper.framework",
				"${BUILT_PRODUCTS_DIR}/ObjectMapper+Realm/ObjectMapper_Realm.framework",
				"${BUILT_PRODUCTS_DIR}/ReachabilitySwift/ReachabilitySwift.framework",
				"${BUILT_PRODUCTS_DIR}/Realm/Realm.framework",
				"${BUILT_PRODUCTS_DIR}/RealmSwift/RealmSwift.framework",
				"${BUILT_PRODUCTS_DIR}/RxCocoa/RxCocoa.framework",
				"${BUILT_PRODUCTS_DIR}/RxSwift/RxSwift.framework",
				"${BUILT_PRODUCTS_DIR}/UIColor_Hex_Swift/UIColor_Hex_Swift.framework",
				"${BUILT_PRODUCTS_DIR}/leveldb-library/leveldb.framework",
				"${BUILT_PRODUCTS_DIR}/nanopb/nanopb.framework",
			);
			name = "[CP] Embed Pods Frameworks";
			outputPaths = (
				"${TARGET_BUILD_DIR}/${FRAMEWORKS_FOLDER_PATH}/Alamofire.framework",
				"${TARGET_BUILD_DIR}/${FRAMEWORKS_FOLDER_PATH}/AlamofireObjectMapper.framework",
				"${TARGET_BUILD_DIR}/${FRAMEWORKS_FOLDER_PATH}/GoogleToolboxForMac.framework",
				"${TARGET_BUILD_DIR}/${FRAMEWORKS_FOLDER_PATH}/KeychainSwift.framework",
				"${TARGET_BUILD_DIR}/${FRAMEWORKS_FOLDER_PATH}/Localize_Swift.framework",
				"${TARGET_BUILD_DIR}/${FRAMEWORKS_FOLDER_PATH}/MBProgressHUD.framework",
				"${TARGET_BUILD_DIR}/${FRAMEWORKS_FOLDER_PATH}/NextResponderTextField.framework",
				"${TARGET_BUILD_DIR}/${FRAMEWORKS_FOLDER_PATH}/Nuke.framework",
				"${TARGET_BUILD_DIR}/${FRAMEWORKS_FOLDER_PATH}/ObjectMapper.framework",
				"${TARGET_BUILD_DIR}/${FRAMEWORKS_FOLDER_PATH}/ObjectMapper_Realm.framework",
				"${TARGET_BUILD_DIR}/${FRAMEWORKS_FOLDER_PATH}/ReachabilitySwift.framework",
				"${TARGET_BUILD_DIR}/${FRAMEWORKS_FOLDER_PATH}/Realm.framework",
				"${TARGET_BUILD_DIR}/${FRAMEWORKS_FOLDER_PATH}/RealmSwift.framework",
				"${TARGET_BUILD_DIR}/${FRAMEWORKS_FOLDER_PATH}/RxCocoa.framework",
				"${TARGET_BUILD_DIR}/${FRAMEWORKS_FOLDER_PATH}/RxSwift.framework",
				"${TARGET_BUILD_DIR}/${FRAMEWORKS_FOLDER_PATH}/UIColor_Hex_Swift.framework",
				"${TARGET_BUILD_DIR}/${FRAMEWORKS_FOLDER_PATH}/leveldb.framework",
				"${TARGET_BUILD_DIR}/${FRAMEWORKS_FOLDER_PATH}/nanopb.framework",
			);
			runOnlyForDeploymentPostprocessing = 0;
			shellPath = /bin/sh;
			shellScript = "\"${SRCROOT}/Pods/Target Support Files/Pods-Boilerplate/Pods-Boilerplate-frameworks.sh\"\n";
			showEnvVarsInLog = 0;
		};
/* End PBXShellScriptBuildPhase section */

/* Begin PBXSourcesBuildPhase section */
		33B53F181DD0ECD500462C66 /* Sources */ = {
			isa = PBXSourcesBuildPhase;
			buildActionMask = 2147483647;
			files = (
				3322888F1DD283CF001042CE /* BaseViewController.swift in Sources */,
				E1164E451EF35D5E00B9B565 /* PlainButtonCellDelegate.swift in Sources */,
				71BE32A9201788E40009B26D /* NewsDetailInteractor.swift in Sources */,
				71BE32A7201788CE0009B26D /* NewsDetailPresenter.swift in Sources */,
				E1164E201EF35D0400B9B565 /* Results.swift in Sources */,
				332288811DD282D5001042CE /* BaseContract.swift in Sources */,
				E1164E471EF35D6800B9B565 /* ProfileApiDataManager.swift in Sources */,
				E1164E411EF35D5700B9B565 /* RoundedTextField.swift in Sources */,
				71FC606B200AC76600D49016 /* MainSearchContract.swift in Sources */,
				71E370DC20167799002859BF /* NewsListInteractor.swift in Sources */,
				332F1C891DD33A790080B38D /* RootRouter.swift in Sources */,
				71BE32AB201788ED0009B26D /* NewsDetailRouter.swift in Sources */,
				71E370DA2016778C002859BF /* NewsListPresenter.swift in Sources */,
				E1164E3B1EF35D4D00B9B565 /* ValidatorHelper.swift in Sources */,
				E1164E261EF35D0400B9B565 /* UIFont+Utils.swift in Sources */,
				E1164E3A1EF35D4D00B9B565 /* SessionHelper.swift in Sources */,
				71FC607A200AC84100D49016 /* CoinApiDataManager.swift in Sources */,
				71FC606C200AC76600D49016 /* MainSearchPresenter.swift in Sources */,
				3328AE651DF9ED590067C544 /* ReusableView.swift in Sources */,
				E1164E1F1EF35D0400B9B565 /* Double.swift in Sources */,
				E1164E4B1EF35DCF00B9B565 /* StoryboardLoadable.swift in Sources */,
				71E370D2201671D5002859BF /* Articles.swift in Sources */,
				71687C07201119D000269A02 /* CoinDetailContract.swift in Sources */,
				71FC6038200AC69C00D49016 /* mTableViewCell.swift in Sources */,
				E1164E2C1EF35D0400B9B565 /* UIView.swift in Sources */,
				715787CF201616AC00DE5355 /* TabBarRouter.swift in Sources */,
				E1164E371EF35D3F00B9B565 /* Constants.swift in Sources */,
				E1164E421EF35D5700B9B565 /* SimpleCircle.swift in Sources */,
				E1164E2B1EF35D0400B9B565 /* UITextField+Border.swift in Sources */,
				715787D5201616E000DE5355 /* TabBarController.swift in Sources */,
				E1164E2D1EF35D0400B9B565 /* UIViewController.swift in Sources */,
				E1164E2A1EF35D0400B9B565 /* UITableViewCell.swift in Sources */,
				71E370DE201677A3002859BF /* NewsListRouter.swift in Sources */,
				E1164E211EF35D0400B9B565 /* String.swift in Sources */,
				71687C0B201119EE00269A02 /* CoinDetailInteractor.swift in Sources */,
				E1164E431EF35D5700B9B565 /* ValidableUILabel.swift in Sources */,
				715787D3201616D100DE5355 /* TabBarInteractor.swift in Sources */,
				71BE32AD201788FB0009B26D /* NewsDetailContract.swift in Sources */,
				71FC6037200AC69C00D49016 /* MainCoinsViewController.swift in Sources */,
				71687C03201119B300269A02 /* CoinDetailViewController.swift in Sources */,
				71E370D4201672A1002859BF /* Source.swift in Sources */,
				71E370E0201677AF002859BF /* NewsListContract.swift in Sources */,
				71E370D820167711002859BF /* NewsListViewController.swift in Sources */,
				71687C09201119DD00269A02 /* CoinDetailPresenter.swift in Sources */,
				E1164E491EF35D6E00B9B565 /* ProfileLocalDataManager.swift in Sources */,
				71687C05201119C300269A02 /* CoinDetailRouter.swift in Sources */,
				E1164E271EF35D0400B9B565 /* UIImage+Icons.swift in Sources */,
				E1164E1E1EF35D0400B9B565 /* DataResponse.swift in Sources */,
				71E370E2201677EB002859BF /* NewsTableCell.swift in Sources */,
				71E370E420168013002859BF /* NewsApiDataManager.swift in Sources */,
				715787D1201616C500DE5355 /* TabBarPresenter.swift in Sources */,
				E1164E241EF35D0400B9B565 /* UICollectionViewCell.swift in Sources */,
				3328AE5F1DF9DB1D0067C544 /* NibLoadableView.swift in Sources */,
				332F1C871DD33A790080B38D /* AppDelegate.swift in Sources */,
				E1164E231EF35D0400B9B565 /* UICollectionView.swift in Sources */,
				71FC6078200AC82000D49016 /* CoinAttributes.swift in Sources */,
				71BE32A5201788BC0009B26D /* NewsDetailViewController.swift in Sources */,
				33BE59981E36CD07000661F6 /* ResponseErrors.swift in Sources */,
				E1164E401EF35D5700B9B565 /* RoundedPinkButton.swift in Sources */,
				E1164E341EF35D3300B9B565 /* PlainButtonCell.swift in Sources */,
				71FC6077200AC82000D49016 /* Coin.swift in Sources */,
				E1164E281EF35D0400B9B565 /* UIStoryboard.swift in Sources */,
				71E370D020167113002859BF /* CryptoNews.swift in Sources */,
				71FC606F200AC76600D49016 /* MainSearchInteractor.swift in Sources */,
				71FC6070200AC76600D49016 /* MainSearchRouter.swift in Sources */,
				71DF8D9420129B83004E634F /* CoinDetailCell.swift in Sources */,
				E1164E291EF35D0400B9B565 /* UITableView.swift in Sources */,
				33BE59961E36CCB4000661F6 /* UserProfile.swift in Sources */,
				E1164E251EF35D0400B9B565 /* UIColor+Pallet.swift in Sources */,
				715787CD2016169C00DE5355 /* TabBarContract.swift in Sources */,
				E1164E221EF35D0400B9B565 /* UIAlertController.swift in Sources */,
				E1164E301EF35D2300B9B565 /* SectionHeaderLabelCell.swift in Sources */,
			);
			runOnlyForDeploymentPostprocessing = 0;
		};
/* End PBXSourcesBuildPhase section */

/* Begin PBXVariantGroup section */
		33CAF4D61DD75AF600465298 /* Localizable.strings */ = {
			isa = PBXVariantGroup;
			children = (
				33CAF4D71DD75B1600465298 /* Base */,
			);
			name = Localizable.strings;
			path = Assets/Strings;
			sourceTree = "<group>";
		};
/* End PBXVariantGroup section */

/* Begin XCBuildConfiguration section */
		33B53F421DD0ECD600462C66 /* Debug */ = {
			isa = XCBuildConfiguration;
			buildSettings = {
				ALWAYS_SEARCH_USER_PATHS = NO;
				CLANG_ANALYZER_LOCALIZABILITY_NONLOCALIZED = YES;
				CLANG_ANALYZER_NONNULL = YES;
				CLANG_CXX_LANGUAGE_STANDARD = "gnu++0x";
				CLANG_CXX_LIBRARY = "libc++";
				CLANG_ENABLE_MODULES = YES;
				CLANG_ENABLE_OBJC_ARC = YES;
				CLANG_WARN_BOOL_CONVERSION = YES;
				CLANG_WARN_CONSTANT_CONVERSION = YES;
				CLANG_WARN_DIRECT_OBJC_ISA_USAGE = YES_ERROR;
				CLANG_WARN_DOCUMENTATION_COMMENTS = YES;
				CLANG_WARN_EMPTY_BODY = YES;
				CLANG_WARN_ENUM_CONVERSION = YES;
				CLANG_WARN_INFINITE_RECURSION = YES;
				CLANG_WARN_INT_CONVERSION = YES;
				CLANG_WARN_OBJC_ROOT_CLASS = YES_ERROR;
				CLANG_WARN_SUSPICIOUS_MOVE = YES;
				CLANG_WARN_SUSPICIOUS_MOVES = YES;
				CLANG_WARN_UNREACHABLE_CODE = YES;
				CLANG_WARN__DUPLICATE_METHOD_MATCH = YES;
				CODE_SIGN_IDENTITY = "iPhone Developer: Victor Magalhaes (K7E2G8AAH3)";
				"CODE_SIGN_IDENTITY[sdk=iphoneos*]" = "iPhone Developer";
				COPY_PHASE_STRIP = NO;
				DEBUG_INFORMATION_FORMAT = dwarf;
				ENABLE_BITCODE = YES;
				ENABLE_STRICT_OBJC_MSGSEND = YES;
				ENABLE_TESTABILITY = YES;
				GCC_C_LANGUAGE_STANDARD = gnu99;
				GCC_DYNAMIC_NO_PIC = NO;
				GCC_NO_COMMON_BLOCKS = YES;
				GCC_OPTIMIZATION_LEVEL = 0;
				GCC_PREPROCESSOR_DEFINITIONS = (
					"DEBUG=1",
					"$(inherited)",
				);
				GCC_WARN_64_TO_32_BIT_CONVERSION = YES;
				GCC_WARN_ABOUT_RETURN_TYPE = YES_ERROR;
				GCC_WARN_UNDECLARED_SELECTOR = YES;
				GCC_WARN_UNINITIALIZED_AUTOS = YES_AGGRESSIVE;
				GCC_WARN_UNUSED_FUNCTION = YES;
				GCC_WARN_UNUSED_VARIABLE = YES;
				IPHONEOS_DEPLOYMENT_TARGET = 9.1;
				MTL_ENABLE_DEBUG_INFO = YES;
				ONLY_ACTIVE_ARCH = YES;
				SDKROOT = iphoneos;
				SWIFT_ACTIVE_COMPILATION_CONDITIONS = DEBUG;
				SWIFT_OPTIMIZATION_LEVEL = "-Onone";
				TARGETED_DEVICE_FAMILY = "1,2";
			};
			name = Debug;
		};
		33B53F431DD0ECD600462C66 /* Release */ = {
			isa = XCBuildConfiguration;
			buildSettings = {
				ALWAYS_SEARCH_USER_PATHS = NO;
				CLANG_ANALYZER_LOCALIZABILITY_NONLOCALIZED = YES;
				CLANG_ANALYZER_NONNULL = YES;
				CLANG_CXX_LANGUAGE_STANDARD = "gnu++0x";
				CLANG_CXX_LIBRARY = "libc++";
				CLANG_ENABLE_MODULES = YES;
				CLANG_ENABLE_OBJC_ARC = YES;
				CLANG_WARN_BOOL_CONVERSION = YES;
				CLANG_WARN_CONSTANT_CONVERSION = YES;
				CLANG_WARN_DIRECT_OBJC_ISA_USAGE = YES_ERROR;
				CLANG_WARN_DOCUMENTATION_COMMENTS = YES;
				CLANG_WARN_EMPTY_BODY = YES;
				CLANG_WARN_ENUM_CONVERSION = YES;
				CLANG_WARN_INFINITE_RECURSION = YES;
				CLANG_WARN_INT_CONVERSION = YES;
				CLANG_WARN_OBJC_ROOT_CLASS = YES_ERROR;
				CLANG_WARN_SUSPICIOUS_MOVE = YES;
				CLANG_WARN_SUSPICIOUS_MOVES = YES;
				CLANG_WARN_UNREACHABLE_CODE = YES;
				CLANG_WARN__DUPLICATE_METHOD_MATCH = YES;
				CODE_SIGN_IDENTITY = "iPhone Developer: Victor Magalhaes (K7E2G8AAH3)";
				"CODE_SIGN_IDENTITY[sdk=iphoneos*]" = "iPhone Distribution";
				COPY_PHASE_STRIP = NO;
				DEBUG_INFORMATION_FORMAT = "dwarf-with-dsym";
				ENABLE_BITCODE = YES;
				ENABLE_NS_ASSERTIONS = NO;
				ENABLE_STRICT_OBJC_MSGSEND = YES;
				GCC_C_LANGUAGE_STANDARD = gnu99;
				GCC_NO_COMMON_BLOCKS = YES;
				GCC_WARN_64_TO_32_BIT_CONVERSION = YES;
				GCC_WARN_ABOUT_RETURN_TYPE = YES_ERROR;
				GCC_WARN_UNDECLARED_SELECTOR = YES;
				GCC_WARN_UNINITIALIZED_AUTOS = YES_AGGRESSIVE;
				GCC_WARN_UNUSED_FUNCTION = YES;
				GCC_WARN_UNUSED_VARIABLE = YES;
				IPHONEOS_DEPLOYMENT_TARGET = 9.1;
				MTL_ENABLE_DEBUG_INFO = NO;
				SDKROOT = iphoneos;
				SWIFT_OPTIMIZATION_LEVEL = "-Owholemodule";
				TARGETED_DEVICE_FAMILY = "1,2";
				VALIDATE_PRODUCT = YES;
			};
			name = Release;
		};
		33B53F451DD0ECD600462C66 /* Debug */ = {
			isa = XCBuildConfiguration;
			baseConfigurationReference = 447304C35B86016CFCC9F1B8 /* Pods-Boilerplate.debug.xcconfig */;
			buildSettings = {
				ASSETCATALOG_COMPILER_APPICON_NAME = "AppIcon-2";
				CLANG_ENABLE_MODULES = YES;
				"CODE_SIGN_IDENTITY[sdk=iphoneos*]" = "iPhone Developer";
				CODE_SIGN_STYLE = Automatic;
				DEVELOPMENT_TEAM = PFBFJV3F25;
				ENABLE_BITCODE = NO;
				FRAMEWORK_SEARCH_PATHS = (
					"$(inherited)",
					"$(PROJECT_DIR)",
					"$(PROJECT_DIR)/Framework",
				);
				HEADER_SEARCH_PATHS = (
					"$(inherited)",
					"\"${PODS_ROOT}/Headers/Public\"",
					"\"${PODS_ROOT}/Headers/Public/Crashlytics\"",
					"\"${PODS_ROOT}/Headers/Public/Fabric\"",
				);
				INFOPLIST_FILE = Boilerplate/Info.plist;
				IPHONEOS_DEPLOYMENT_TARGET = 9.0;
				LD_RUNPATH_SEARCH_PATHS = "$(inherited) @executable_path/Frameworks";
				LIBRARY_SEARCH_PATHS = "$(inherited)";
				ONLY_ACTIVE_ARCH = YES;
				OTHER_LDFLAGS = (
					"$(inherited)",
					"-ObjC",
					"-l\"c++\"",
					"-l\"z\"",
					"-framework",
					"\"Alamofire\"",
					"-framework",
					"\"AlamofireObjectMapper\"",
					"-framework",
					"\"Crashlytics\"",
					"-framework",
					"\"Fabric\"",
					"-framework",
					"\"KeychainSwift\"",
					"-framework",
					"\"Localize_Swift\"",
					"-framework",
					"\"MBProgressHUD\"",
					"-framework",
					"\"NextResponderTextField\"",
					"-framework",
					"\"ObjectMapper\"",
					"-framework",
					"\"ObjectMapper_Realm\"",
					"-framework",
					"\"ReachabilitySwift\"",
					"-framework",
					"\"Realm\"",
					"-framework",
					"\"RealmSwift\"",
					"-framework",
					"\"Security\"",
					"-framework",
					"\"SystemConfiguration\"",
					"-framework",
					"\"UIColor_Hex_Swift\"",
					"-framework",
					"\"UIKit\"",
					"-lstdc++",
				);
				"OTHER_LDFLAGS[arch=*]" = "$(inherited) -ObjC -l\"c++\" -l\"z\" -framework \"Alamofire\" -framework \"AlamofireObjectMapper\" -framework \"Crashlytics\" -framework \"Fabric\" -framework \"KeychainSwift\" -framework \"Localize_Swift\" -framework \"MBProgressHUD\" -framework \"NextResponderTextField\" -framework \"ObjectMapper\" -framework \"ObjectMapper_Realm\" -framework \"ReachabilitySwift\" -framework \"Realm\" -framework \"RealmSwift\" -framework \"Security\" -framework \"SystemConfiguration\" -framework \"UIColor_Hex_Swift\" -framework \"UIKit\" -lstdc++";
				PRODUCT_BUNDLE_IDENTIFIER = victor.CoinApp;
				PRODUCT_NAME = "$(TARGET_NAME)";
				PROVISIONING_PROFILE = "";
				PROVISIONING_PROFILE_SPECIFIER = "";
				SWIFT_OBJC_BRIDGING_HEADER = "";
				SWIFT_OPTIMIZATION_LEVEL = "-Onone";
				SWIFT_VERSION = 4.0;
				TARGETED_DEVICE_FAMILY = 1;
			};
			name = Debug;
		};
		33B53F461DD0ECD600462C66 /* Release */ = {
			isa = XCBuildConfiguration;
			baseConfigurationReference = BE35B33DF9C7E5EC7BB99631 /* Pods-Boilerplate.release.xcconfig */;
			buildSettings = {
				ASSETCATALOG_COMPILER_APPICON_NAME = "AppIcon-2";
				CLANG_ENABLE_MODULES = YES;
				"CODE_SIGN_IDENTITY[sdk=iphoneos*]" = "iPhone Developer";
				CODE_SIGN_STYLE = Automatic;
				DEVELOPMENT_TEAM = PFBFJV3F25;
				ENABLE_BITCODE = NO;
				FRAMEWORK_SEARCH_PATHS = (
					"$(inherited)",
					"$(PROJECT_DIR)",
					"$(PROJECT_DIR)/Framework",
				);
				HEADER_SEARCH_PATHS = (
					"$(inherited)",
					"\"${PODS_ROOT}/Headers/Public\"",
					"\"${PODS_ROOT}/Headers/Public/Crashlytics\"",
					"\"${PODS_ROOT}/Headers/Public/Fabric\"",
				);
				INFOPLIST_FILE = Boilerplate/Info.plist;
				IPHONEOS_DEPLOYMENT_TARGET = 9.0;
				LD_RUNPATH_SEARCH_PATHS = "$(inherited) @executable_path/Frameworks";
				LIBRARY_SEARCH_PATHS = "$(inherited)";
				ONLY_ACTIVE_ARCH = YES;
				OTHER_LDFLAGS = (
					"$(inherited)",
					"-ObjC",
					"-l\"c++\"",
					"-l\"z\"",
					"-framework",
					"\"Alamofire\"",
					"-framework",
					"\"AlamofireObjectMapper\"",
					"-framework",
					"\"Crashlytics\"",
					"-framework",
					"\"Fabric\"",
					"-framework",
					"\"KeychainSwift\"",
					"-framework",
					"\"Localize_Swift\"",
					"-framework",
					"\"MBProgressHUD\"",
					"-framework",
					"\"NextResponderTextField\"",
					"-framework",
					"\"ObjectMapper\"",
					"-framework",
					"\"ObjectMapper_Realm\"",
					"-framework",
					"\"ReachabilitySwift\"",
					"-framework",
					"\"Realm\"",
					"-framework",
					"\"RealmSwift\"",
					"-framework",
					"\"Security\"",
					"-framework",
					"\"SystemConfiguration\"",
					"-framework",
					"\"UIColor_Hex_Swift\"",
					"-framework",
					"\"UIKit\"",
					"-lstdc++",
				);
				PRODUCT_BUNDLE_IDENTIFIER = victor.CoinApp;
				PRODUCT_NAME = "$(TARGET_NAME)";
				PROVISIONING_PROFILE = "";
				PROVISIONING_PROFILE_SPECIFIER = "";
				SWIFT_OBJC_BRIDGING_HEADER = "";
				SWIFT_OPTIMIZATION_LEVEL = "-Owholemodule";
				SWIFT_VERSION = 4.0;
				TARGETED_DEVICE_FAMILY = 1;
			};
			name = Release;
		};
/* End XCBuildConfiguration section */

/* Begin XCConfigurationList section */
		33B53F171DD0ECD500462C66 /* Build configuration list for PBXProject "Boilerplate" */ = {
			isa = XCConfigurationList;
			buildConfigurations = (
				33B53F421DD0ECD600462C66 /* Debug */,
				33B53F431DD0ECD600462C66 /* Release */,
			);
			defaultConfigurationIsVisible = 0;
			defaultConfigurationName = Release;
		};
		33B53F441DD0ECD600462C66 /* Build configuration list for PBXNativeTarget "Boilerplate" */ = {
			isa = XCConfigurationList;
			buildConfigurations = (
				33B53F451DD0ECD600462C66 /* Debug */,
				33B53F461DD0ECD600462C66 /* Release */,
			);
			defaultConfigurationIsVisible = 0;
			defaultConfigurationName = Release;
		};
/* End XCConfigurationList section */
	};
	rootObject = 33B53F141DD0ECD500462C66 /* Project object */;
}
